// !$*UTF8*$!
{
	archiveVersion = 1;
	classes = {
	};
	objectVersion = 56;
	objects = {

/* Begin PBXBuildFile section */
		9FB5FB7A296089A700F16064 /* AppDelegate.swift in Sources */ = {isa = PBXBuildFile; fileRef = 9FB5FB79296089A700F16064 /* AppDelegate.swift */; };
		9FB5FB7C296089A700F16064 /* SceneDelegate.swift in Sources */ = {isa = PBXBuildFile; fileRef = 9FB5FB7B296089A700F16064 /* SceneDelegate.swift */; };
		9FB5FB7E296089A700F16064 /* RMTabBarController.swift in Sources */ = {isa = PBXBuildFile; fileRef = 9FB5FB7D296089A700F16064 /* RMTabBarController.swift */; };
		9FB5FB83296089A800F16064 /* Assets.xcassets in Resources */ = {isa = PBXBuildFile; fileRef = 9FB5FB82296089A800F16064 /* Assets.xcassets */; };
		9FB5FB86296089A800F16064 /* LaunchScreen.storyboard in Resources */ = {isa = PBXBuildFile; fileRef = 9FB5FB84296089A800F16064 /* LaunchScreen.storyboard */; };
		9FB5FB9429608C4B00F16064 /* RMLocation.swift in Sources */ = {isa = PBXBuildFile; fileRef = 9FB5FB9329608C4B00F16064 /* RMLocation.swift */; };
		9FB5FB9629608C5A00F16064 /* RMCharacter.swift in Sources */ = {isa = PBXBuildFile; fileRef = 9FB5FB9529608C5A00F16064 /* RMCharacter.swift */; };
		9FB5FB9829608C6200F16064 /* RMEpisode.swift in Sources */ = {isa = PBXBuildFile; fileRef = 9FB5FB9729608C6200F16064 /* RMEpisode.swift */; };
		9FB5FB9B29608CE100F16064 /* RMCharacterViewController.swift in Sources */ = {isa = PBXBuildFile; fileRef = 9FB5FB9A29608CE100F16064 /* RMCharacterViewController.swift */; };
		9FB5FB9D29608CF100F16064 /* RMLocationViewController.swift in Sources */ = {isa = PBXBuildFile; fileRef = 9FB5FB9C29608CF100F16064 /* RMLocationViewController.swift */; };
		9FB5FB9F29608D0000F16064 /* RMEpisodeViewController.swift in Sources */ = {isa = PBXBuildFile; fileRef = 9FB5FB9E29608D0000F16064 /* RMEpisodeViewController.swift */; };
		9FB5FBA129608D0800F16064 /* RMSettingsViewController.swift in Sources */ = {isa = PBXBuildFile; fileRef = 9FB5FBA029608D0800F16064 /* RMSettingsViewController.swift */; };
/* End PBXBuildFile section */

/* Begin PBXFileReference section */
		9FB5FB76296089A700F16064 /* Rick And Morty App.app */ = {isa = PBXFileReference; explicitFileType = wrapper.application; includeInIndex = 0; path = "Rick And Morty App.app"; sourceTree = BUILT_PRODUCTS_DIR; };
		9FB5FB79296089A700F16064 /* AppDelegate.swift */ = {isa = PBXFileReference; lastKnownFileType = sourcecode.swift; path = AppDelegate.swift; sourceTree = "<group>"; };
		9FB5FB7B296089A700F16064 /* SceneDelegate.swift */ = {isa = PBXFileReference; lastKnownFileType = sourcecode.swift; path = SceneDelegate.swift; sourceTree = "<group>"; };
		9FB5FB7D296089A700F16064 /* RMTabBarController.swift */ = {isa = PBXFileReference; lastKnownFileType = sourcecode.swift; path = RMTabBarController.swift; sourceTree = "<group>"; };
		9FB5FB82296089A800F16064 /* Assets.xcassets */ = {isa = PBXFileReference; lastKnownFileType = folder.assetcatalog; path = Assets.xcassets; sourceTree = "<group>"; };
		9FB5FB85296089A800F16064 /* Base */ = {isa = PBXFileReference; lastKnownFileType = file.storyboard; name = Base; path = Base.lproj/LaunchScreen.storyboard; sourceTree = "<group>"; };
		9FB5FB87296089A800F16064 /* Info.plist */ = {isa = PBXFileReference; lastKnownFileType = text.plist.xml; path = Info.plist; sourceTree = "<group>"; };
		9FB5FB9329608C4B00F16064 /* RMLocation.swift */ = {isa = PBXFileReference; lastKnownFileType = sourcecode.swift; path = RMLocation.swift; sourceTree = "<group>"; };
		9FB5FB9529608C5A00F16064 /* RMCharacter.swift */ = {isa = PBXFileReference; lastKnownFileType = sourcecode.swift; path = RMCharacter.swift; sourceTree = "<group>"; };
		9FB5FB9729608C6200F16064 /* RMEpisode.swift */ = {isa = PBXFileReference; lastKnownFileType = sourcecode.swift; path = RMEpisode.swift; sourceTree = "<group>"; };
		9FB5FB9A29608CE100F16064 /* RMCharacterViewController.swift */ = {isa = PBXFileReference; lastKnownFileType = sourcecode.swift; path = RMCharacterViewController.swift; sourceTree = "<group>"; };
		9FB5FB9C29608CF100F16064 /* RMLocationViewController.swift */ = {isa = PBXFileReference; lastKnownFileType = sourcecode.swift; path = RMLocationViewController.swift; sourceTree = "<group>"; };
		9FB5FB9E29608D0000F16064 /* RMEpisodeViewController.swift */ = {isa = PBXFileReference; lastKnownFileType = sourcecode.swift; path = RMEpisodeViewController.swift; sourceTree = "<group>"; };
		9FB5FBA029608D0800F16064 /* RMSettingsViewController.swift */ = {isa = PBXFileReference; lastKnownFileType = sourcecode.swift; path = RMSettingsViewController.swift; sourceTree = "<group>"; };
/* End PBXFileReference section */

/* Begin PBXFrameworksBuildPhase section */
		9FB5FB73296089A700F16064 /* Frameworks */ = {
			isa = PBXFrameworksBuildPhase;
			buildActionMask = 2147483647;
			files = (
			);
			runOnlyForDeploymentPostprocessing = 0;
		};
/* End PBXFrameworksBuildPhase section */

/* Begin PBXGroup section */
		9FB5FB6D296089A700F16064 = {
			isa = PBXGroup;
			children = (
				9FB5FB78296089A700F16064 /* Rick And Morty App */,
				9FB5FB77296089A700F16064 /* Products */,
			);
			sourceTree = "<group>";
		};
		9FB5FB77296089A700F16064 /* Products */ = {
			isa = PBXGroup;
			children = (
				9FB5FB76296089A700F16064 /* Rick And Morty App.app */,
			);
			name = Products;
			sourceTree = "<group>";
		};
		9FB5FB78296089A700F16064 /* Rick And Morty App */ = {
			isa = PBXGroup;
			children = (
				9FB5FB9229608BDE00F16064 /* Resources */,
				9FB5FB9129608BBB00F16064 /* APIClient */,
				9FB5FB9029608BAE00F16064 /* Managers */,
				9FB5FB8F29608BA100F16064 /* Models */,
				9FB5FB8E29608B9900F16064 /* Views */,
				9FB5FB8D29608B9100F16064 /* Controllers */,
				9FB5FB87296089A800F16064 /* Info.plist */,
			);
			path = "Rick And Morty App";
			sourceTree = "<group>";
		};
		9FB5FB8D29608B9100F16064 /* Controllers */ = {
			isa = PBXGroup;
			children = (
				9FB5FB9929608CB000F16064 /* Core */,
			);
			path = Controllers;
			sourceTree = "<group>";
		};
		9FB5FB8E29608B9900F16064 /* Views */ = {
			isa = PBXGroup;
			children = (
			);
			path = Views;
			sourceTree = "<group>";
		};
		9FB5FB8F29608BA100F16064 /* Models */ = {
			isa = PBXGroup;
			children = (
				9FB5FB9329608C4B00F16064 /* RMLocation.swift */,
				9FB5FB9529608C5A00F16064 /* RMCharacter.swift */,
				9FB5FB9729608C6200F16064 /* RMEpisode.swift */,
			);
			path = Models;
			sourceTree = "<group>";
		};
		9FB5FB9029608BAE00F16064 /* Managers */ = {
			isa = PBXGroup;
			children = (
			);
			path = Managers;
			sourceTree = "<group>";
		};
		9FB5FB9129608BBB00F16064 /* APIClient */ = {
			isa = PBXGroup;
			children = (
			);
			path = APIClient;
			sourceTree = "<group>";
		};
		9FB5FB9229608BDE00F16064 /* Resources */ = {
			isa = PBXGroup;
			children = (
				9FB5FB79296089A700F16064 /* AppDelegate.swift */,
				9FB5FB7B296089A700F16064 /* SceneDelegate.swift */,
				9FB5FB82296089A800F16064 /* Assets.xcassets */,
				9FB5FB84296089A800F16064 /* LaunchScreen.storyboard */,
			);
			path = Resources;
			sourceTree = "<group>";
		};
		9FB5FB9929608CB000F16064 /* Core */ = {
			isa = PBXGroup;
			children = (
				9FB5FB7D296089A700F16064 /* RMTabBarController.swift */,
				9FB5FB9A29608CE100F16064 /* RMCharacterViewController.swift */,
				9FB5FB9C29608CF100F16064 /* RMLocationViewController.swift */,
				9FB5FB9E29608D0000F16064 /* RMEpisodeViewController.swift */,
				9FB5FBA029608D0800F16064 /* RMSettingsViewController.swift */,
			);
			path = Core;
			sourceTree = "<group>";
		};
/* End PBXGroup section */

/* Begin PBXNativeTarget section */
		9FB5FB75296089A700F16064 /* Rick And Morty App */ = {
			isa = PBXNativeTarget;
			buildConfigurationList = 9FB5FB8A296089A800F16064 /* Build configuration list for PBXNativeTarget "Rick And Morty App" */;
			buildPhases = (
				9FB5FB72296089A700F16064 /* Sources */,
				9FB5FB73296089A700F16064 /* Frameworks */,
				9FB5FB74296089A700F16064 /* Resources */,
			);
			buildRules = (
			);
			dependencies = (
			);
			name = "Rick And Morty App";
			productName = "Rick And Morty App";
			productReference = 9FB5FB76296089A700F16064 /* Rick And Morty App.app */;
			productType = "com.apple.product-type.application";
		};
/* End PBXNativeTarget section */

/* Begin PBXProject section */
		9FB5FB6E296089A700F16064 /* Project object */ = {
			isa = PBXProject;
			attributes = {
				BuildIndependentTargetsInParallel = 1;
				LastSwiftUpdateCheck = 1420;
				LastUpgradeCheck = 1420;
				TargetAttributes = {
					9FB5FB75296089A700F16064 = {
						CreatedOnToolsVersion = 14.2;
					};
				};
			};
			buildConfigurationList = 9FB5FB71296089A700F16064 /* Build configuration list for PBXProject "Rick And Morty App" */;
			compatibilityVersion = "Xcode 14.0";
			developmentRegion = en;
			hasScannedForEncodings = 0;
			knownRegions = (
				en,
				Base,
			);
			mainGroup = 9FB5FB6D296089A700F16064;
			productRefGroup = 9FB5FB77296089A700F16064 /* Products */;
			projectDirPath = "";
			projectRoot = "";
			targets = (
				9FB5FB75296089A700F16064 /* Rick And Morty App */,
			);
		};
/* End PBXProject section */

/* Begin PBXResourcesBuildPhase section */
		9FB5FB74296089A700F16064 /* Resources */ = {
			isa = PBXResourcesBuildPhase;
			buildActionMask = 2147483647;
			files = (
				9FB5FB86296089A800F16064 /* LaunchScreen.storyboard in Resources */,
				9FB5FB83296089A800F16064 /* Assets.xcassets in Resources */,
			);
			runOnlyForDeploymentPostprocessing = 0;
		};
/* End PBXResourcesBuildPhase section */

/* Begin PBXSourcesBuildPhase section */
		9FB5FB72296089A700F16064 /* Sources */ = {
			isa = PBXSourcesBuildPhase;
			buildActionMask = 2147483647;
			files = (
				9FB5FB9D29608CF100F16064 /* RMLocationViewController.swift in Sources */,
				9FB5FB9829608C6200F16064 /* RMEpisode.swift in Sources */,
				9FB5FB7E296089A700F16064 /* RMTabBarController.swift in Sources */,
				9FB5FB9F29608D0000F16064 /* RMEpisodeViewController.swift in Sources */,
				9FB5FB7A296089A700F16064 /* AppDelegate.swift in Sources */,
				9FB5FB7C296089A700F16064 /* SceneDelegate.swift in Sources */,
				9FB5FBA129608D0800F16064 /* RMSettingsViewController.swift in Sources */,
				9FB5FB9429608C4B00F16064 /* RMLocation.swift in Sources */,
				9FB5FB9629608C5A00F16064 /* RMCharacter.swift in Sources */,
				9FB5FB9B29608CE100F16064 /* RMCharacterViewController.swift in Sources */,
			);
			runOnlyForDeploymentPostprocessing = 0;
		};
/* End PBXSourcesBuildPhase section */

/* Begin PBXVariantGroup section */
		9FB5FB84296089A800F16064 /* LaunchScreen.storyboard */ = {
			isa = PBXVariantGroup;
			children = (
				9FB5FB85296089A800F16064 /* Base */,
			);
			name = LaunchScreen.storyboard;
			sourceTree = "<group>";
		};
/* End PBXVariantGroup section */

/* Begin XCBuildConfiguration section */
		9FB5FB88296089A800F16064 /* Debug */ = {
			isa = XCBuildConfiguration;
			buildSettings = {
				ALWAYS_SEARCH_USER_PATHS = NO;
				CLANG_ANALYZER_NONNULL = YES;
				CLANG_ANALYZER_NUMBER_OBJECT_CONVERSION = YES_AGGRESSIVE;
				CLANG_CXX_LANGUAGE_STANDARD = "gnu++20";
				CLANG_ENABLE_MODULES = YES;
				CLANG_ENABLE_OBJC_ARC = YES;
				CLANG_ENABLE_OBJC_WEAK = YES;
				CLANG_WARN_BLOCK_CAPTURE_AUTORELEASING = YES;
				CLANG_WARN_BOOL_CONVERSION = YES;
				CLANG_WARN_COMMA = YES;
				CLANG_WARN_CONSTANT_CONVERSION = YES;
				CLANG_WARN_DEPRECATED_OBJC_IMPLEMENTATIONS = YES;
				CLANG_WARN_DIRECT_OBJC_ISA_USAGE = YES_ERROR;
				CLANG_WARN_DOCUMENTATION_COMMENTS = YES;
				CLANG_WARN_EMPTY_BODY = YES;
				CLANG_WARN_ENUM_CONVERSION = YES;
				CLANG_WARN_INFINITE_RECURSION = YES;
				CLANG_WARN_INT_CONVERSION = YES;
				CLANG_WARN_NON_LITERAL_NULL_CONVERSION = YES;
				CLANG_WARN_OBJC_IMPLICIT_RETAIN_SELF = YES;
				CLANG_WARN_OBJC_LITERAL_CONVERSION = YES;
				CLANG_WARN_OBJC_ROOT_CLASS = YES_ERROR;
				CLANG_WARN_QUOTED_INCLUDE_IN_FRAMEWORK_HEADER = YES;
				CLANG_WARN_RANGE_LOOP_ANALYSIS = YES;
				CLANG_WARN_STRICT_PROTOTYPES = YES;
				CLANG_WARN_SUSPICIOUS_MOVE = YES;
				CLANG_WARN_UNGUARDED_AVAILABILITY = YES_AGGRESSIVE;
				CLANG_WARN_UNREACHABLE_CODE = YES;
				CLANG_WARN__DUPLICATE_METHOD_MATCH = YES;
				COPY_PHASE_STRIP = NO;
				DEBUG_INFORMATION_FORMAT = dwarf;
				ENABLE_STRICT_OBJC_MSGSEND = YES;
				ENABLE_TESTABILITY = YES;
				GCC_C_LANGUAGE_STANDARD = gnu11;
				GCC_DYNAMIC_NO_PIC = NO;
				GCC_NO_COMMON_BLOCKS = YES;
				GCC_OPTIMIZATION_LEVEL = 0;
				GCC_PREPROCESSOR_DEFINITIONS = (
					"DEBUG=1",
					"$(inherited)",
				);
				GCC_WARN_64_TO_32_BIT_CONVERSION = YES;
				GCC_WARN_ABOUT_RETURN_TYPE = YES_ERROR;
				GCC_WARN_UNDECLARED_SELECTOR = YES;
				GCC_WARN_UNINITIALIZED_AUTOS = YES_AGGRESSIVE;
				GCC_WARN_UNUSED_FUNCTION = YES;
				GCC_WARN_UNUSED_VARIABLE = YES;
				IPHONEOS_DEPLOYMENT_TARGET = 16.2;
				MTL_ENABLE_DEBUG_INFO = INCLUDE_SOURCE;
				MTL_FAST_MATH = YES;
				ONLY_ACTIVE_ARCH = YES;
				SDKROOT = iphoneos;
				SWIFT_ACTIVE_COMPILATION_CONDITIONS = DEBUG;
				SWIFT_OPTIMIZATION_LEVEL = "-Onone";
			};
			name = Debug;
		};
		9FB5FB89296089A800F16064 /* Release */ = {
			isa = XCBuildConfiguration;
			buildSettings = {
				ALWAYS_SEARCH_USER_PATHS = NO;
				CLANG_ANALYZER_NONNULL = YES;
				CLANG_ANALYZER_NUMBER_OBJECT_CONVERSION = YES_AGGRESSIVE;
				CLANG_CXX_LANGUAGE_STANDARD = "gnu++20";
				CLANG_ENABLE_MODULES = YES;
				CLANG_ENABLE_OBJC_ARC = YES;
				CLANG_ENABLE_OBJC_WEAK = YES;
				CLANG_WARN_BLOCK_CAPTURE_AUTORELEASING = YES;
				CLANG_WARN_BOOL_CONVERSION = YES;
				CLANG_WARN_COMMA = YES;
				CLANG_WARN_CONSTANT_CONVERSION = YES;
				CLANG_WARN_DEPRECATED_OBJC_IMPLEMENTATIONS = YES;
				CLANG_WARN_DIRECT_OBJC_ISA_USAGE = YES_ERROR;
				CLANG_WARN_DOCUMENTATION_COMMENTS = YES;
				CLANG_WARN_EMPTY_BODY = YES;
				CLANG_WARN_ENUM_CONVERSION = YES;
				CLANG_WARN_INFINITE_RECURSION = YES;
				CLANG_WARN_INT_CONVERSION = YES;
				CLANG_WARN_NON_LITERAL_NULL_CONVERSION = YES;
				CLANG_WARN_OBJC_IMPLICIT_RETAIN_SELF = YES;
				CLANG_WARN_OBJC_LITERAL_CONVERSION = YES;
				CLANG_WARN_OBJC_ROOT_CLASS = YES_ERROR;
				CLANG_WARN_QUOTED_INCLUDE_IN_FRAMEWORK_HEADER = YES;
				CLANG_WARN_RANGE_LOOP_ANALYSIS = YES;
				CLANG_WARN_STRICT_PROTOTYPES = YES;
				CLANG_WARN_SUSPICIOUS_MOVE = YES;
				CLANG_WARN_UNGUARDED_AVAILABILITY = YES_AGGRESSIVE;
				CLANG_WARN_UNREACHABLE_CODE = YES;
				CLANG_WARN__DUPLICATE_METHOD_MATCH = YES;
				COPY_PHASE_STRIP = NO;
				DEBUG_INFORMATION_FORMAT = "dwarf-with-dsym";
				ENABLE_NS_ASSERTIONS = NO;
				ENABLE_STRICT_OBJC_MSGSEND = YES;
				GCC_C_LANGUAGE_STANDARD = gnu11;
				GCC_NO_COMMON_BLOCKS = YES;
				GCC_WARN_64_TO_32_BIT_CONVERSION = YES;
				GCC_WARN_ABOUT_RETURN_TYPE = YES_ERROR;
				GCC_WARN_UNDECLARED_SELECTOR = YES;
				GCC_WARN_UNINITIALIZED_AUTOS = YES_AGGRESSIVE;
				GCC_WARN_UNUSED_FUNCTION = YES;
				GCC_WARN_UNUSED_VARIABLE = YES;
				IPHONEOS_DEPLOYMENT_TARGET = 16.2;
				MTL_ENABLE_DEBUG_INFO = NO;
				MTL_FAST_MATH = YES;
				SDKROOT = iphoneos;
				SWIFT_COMPILATION_MODE = wholemodule;
				SWIFT_OPTIMIZATION_LEVEL = "-O";
				VALIDATE_PRODUCT = YES;
			};
			name = Release;
		};
		9FB5FB8B296089A800F16064 /* Debug */ = {
			isa = XCBuildConfiguration;
			buildSettings = {
				ASSETCATALOG_COMPILER_APPICON_NAME = AppIcon;
				ASSETCATALOG_COMPILER_GLOBAL_ACCENT_COLOR_NAME = AccentColor;
				CODE_SIGN_STYLE = Automatic;
				CURRENT_PROJECT_VERSION = 1;
				DEVELOPMENT_TEAM = 8TUF73A8Z9;
				GENERATE_INFOPLIST_FILE = YES;
				INFOPLIST_FILE = "Rick And Morty App/Info.plist";
				INFOPLIST_KEY_UIApplicationSupportsIndirectInputEvents = YES;
				INFOPLIST_KEY_UILaunchStoryboardName = LaunchScreen;
				INFOPLIST_KEY_UISupportedInterfaceOrientations_iPad = "UIInterfaceOrientationPortrait UIInterfaceOrientationPortraitUpsideDown UIInterfaceOrientationLandscapeLeft UIInterfaceOrientationLandscapeRight";
				INFOPLIST_KEY_UISupportedInterfaceOrientations_iPhone = "UIInterfaceOrientationPortrait UIInterfaceOrientationLandscapeLeft UIInterfaceOrientationLandscapeRight";
				LD_RUNPATH_SEARCH_PATHS = (
					"$(inherited)",
					"@executable_path/Frameworks",
				);
				MARKETING_VERSION = 1.0;
				PRODUCT_BUNDLE_IDENTIFIER = "com.tranceaerospace.Rick-And-Morty-App";
				PRODUCT_NAME = "$(TARGET_NAME)";
				SWIFT_EMIT_LOC_STRINGS = YES;
				SWIFT_VERSION = 5.0;
				TARGETED_DEVICE_FAMILY = "1,2";
			};
			name = Debug;
		};
		9FB5FB8C296089A800F16064 /* Release */ = {
			isa = XCBuildConfiguration;
			buildSettings = {
				ASSETCATALOG_COMPILER_APPICON_NAME = AppIcon;
				ASSETCATALOG_COMPILER_GLOBAL_ACCENT_COLOR_NAME = AccentColor;
				CODE_SIGN_STYLE = Automatic;
				CURRENT_PROJECT_VERSION = 1;
				DEVELOPMENT_TEAM = 8TUF73A8Z9;
				GENERATE_INFOPLIST_FILE = YES;
				INFOPLIST_FILE = "Rick And Morty App/Info.plist";
				INFOPLIST_KEY_UIApplicationSupportsIndirectInputEvents = YES;
				INFOPLIST_KEY_UILaunchStoryboardName = LaunchScreen;
				INFOPLIST_KEY_UISupportedInterfaceOrientations_iPad = "UIInterfaceOrientationPortrait UIInterfaceOrientationPortraitUpsideDown UIInterfaceOrientationLandscapeLeft UIInterfaceOrientationLandscapeRight";
				INFOPLIST_KEY_UISupportedInterfaceOrientations_iPhone = "UIInterfaceOrientationPortrait UIInterfaceOrientationLandscapeLeft UIInterfaceOrientationLandscapeRight";
				LD_RUNPATH_SEARCH_PATHS = (
					"$(inherited)",
					"@executable_path/Frameworks",
				);
				MARKETING_VERSION = 1.0;
				PRODUCT_BUNDLE_IDENTIFIER = "com.tranceaerospace.Rick-And-Morty-App";
				PRODUCT_NAME = "$(TARGET_NAME)";
				SWIFT_EMIT_LOC_STRINGS = YES;
				SWIFT_VERSION = 5.0;
				TARGETED_DEVICE_FAMILY = "1,2";
			};
			name = Release;
		};
/* End XCBuildConfiguration section */

/* Begin XCConfigurationList section */
		9FB5FB71296089A700F16064 /* Build configuration list for PBXProject "Rick And Morty App" */ = {
			isa = XCConfigurationList;
			buildConfigurations = (
				9FB5FB88296089A800F16064 /* Debug */,
				9FB5FB89296089A800F16064 /* Release */,
			);
			defaultConfigurationIsVisible = 0;
			defaultConfigurationName = Release;
		};
		9FB5FB8A296089A800F16064 /* Build configuration list for PBXNativeTarget "Rick And Morty App" */ = {
			isa = XCConfigurationList;
			buildConfigurations = (
				9FB5FB8B296089A800F16064 /* Debug */,
				9FB5FB8C296089A800F16064 /* Release */,
			);
			defaultConfigurationIsVisible = 0;
			defaultConfigurationName = Release;
		};
/* End XCConfigurationList section */
	};
	rootObject = 9FB5FB6E296089A700F16064 /* Project object */;
}
